// !$*UTF8*$!
{
	archiveVersion = 1;
	classes = {
	};
	objectVersion = 46;
	objects = {

/* Begin PBXBuildFile section */
		28FAFA1B1AD871BC00493C86 /* main.m in Sources */ = {isa = PBXBuildFile; fileRef = 28FAFA1A1AD871BC00493C86 /* main.m */; };
		28FAFA1E1AD871BC00493C86 /* AppDelegate.m in Sources */ = {isa = PBXBuildFile; fileRef = 28FAFA1D1AD871BC00493C86 /* AppDelegate.m */; };
		28FAFA211AD871BC00493C86 /* ViewController.m in Sources */ = {isa = PBXBuildFile; fileRef = 28FAFA201AD871BC00493C86 /* ViewController.m */; };
		28FAFA241AD871BC00493C86 /* Main.storyboard in Resources */ = {isa = PBXBuildFile; fileRef = 28FAFA221AD871BC00493C86 /* Main.storyboard */; };
		28FAFA261AD871BC00493C86 /* Images.xcassets in Resources */ = {isa = PBXBuildFile; fileRef = 28FAFA251AD871BC00493C86 /* Images.xcassets */; };
		28FAFA291AD871BC00493C86 /* LaunchScreen.xib in Resources */ = {isa = PBXBuildFile; fileRef = 28FAFA271AD871BC00493C86 /* LaunchScreen.xib */; };
		28FAFA351AD871BC00493C86 /* DCZSimpleWebBrowserTests.m in Sources */ = {isa = PBXBuildFile; fileRef = 28FAFA341AD871BC00493C86 /* DCZSimpleWebBrowserTests.m */; };
/* End PBXBuildFile section */

/* Begin PBXContainerItemProxy section */
		28FAFA2F1AD871BC00493C86 /* PBXContainerItemProxy */ = {
			isa = PBXContainerItemProxy;
			containerPortal = 28FAFA0D1AD871BC00493C86 /* Project object */;
			proxyType = 1;
			remoteGlobalIDString = 28FAFA141AD871BC00493C86;
			remoteInfo = DCZSimpleWebBrowser;
		};
/* End PBXContainerItemProxy section */

/* Begin PBXFileReference section */
		28FAFA151AD871BC00493C86 /* DCZSimpleWebBrowser.app */ = {isa = PBXFileReference; explicitFileType = wrapper.application; includeInIndex = 0; path = DCZSimpleWebBrowser.app; sourceTree = BUILT_PRODUCTS_DIR; };
		28FAFA191AD871BC00493C86 /* Info.plist */ = {isa = PBXFileReference; lastKnownFileType = text.plist.xml; path = Info.plist; sourceTree = "<group>"; };
		28FAFA1A1AD871BC00493C86 /* main.m */ = {isa = PBXFileReference; lastKnownFileType = sourcecode.c.objc; path = main.m; sourceTree = "<group>"; };
		28FAFA1C1AD871BC00493C86 /* AppDelegate.h */ = {isa = PBXFileReference; lastKnownFileType = sourcecode.c.h; path = AppDelegate.h; sourceTree = "<group>"; };
		28FAFA1D1AD871BC00493C86 /* AppDelegate.m */ = {isa = PBXFileReference; lastKnownFileType = sourcecode.c.objc; path = AppDelegate.m; sourceTree = "<group>"; };
		28FAFA1F1AD871BC00493C86 /* ViewController.h */ = {isa = PBXFileReference; lastKnownFileType = sourcecode.c.h; path = ViewController.h; sourceTree = "<group>"; };
		28FAFA201AD871BC00493C86 /* ViewController.m */ = {isa = PBXFileReference; lastKnownFileType = sourcecode.c.objc; path = ViewController.m; sourceTree = "<group>"; };
		28FAFA231AD871BC00493C86 /* Base */ = {isa = PBXFileReference; lastKnownFileType = file.storyboard; name = Base; path = Base.lproj/Main.storyboard; sourceTree = "<group>"; };
		28FAFA251AD871BC00493C86 /* Images.xcassets */ = {isa = PBXFileReference; lastKnownFileType = folder.assetcatalog; path = Images.xcassets; sourceTree = "<group>"; };
		28FAFA281AD871BC00493C86 /* Base */ = {isa = PBXFileReference; lastKnownFileType = file.xib; name = Base; path = Base.lproj/LaunchScreen.xib; sourceTree = "<group>"; };
		28FAFA2E1AD871BC00493C86 /* DCZSimpleWebBrowserTests.xctest */ = {isa = PBXFileReference; explicitFileType = wrapper.cfbundle; includeInIndex = 0; path = DCZSimpleWebBrowserTests.xctest; sourceTree = BUILT_PRODUCTS_DIR; };
		28FAFA331AD871BC00493C86 /* Info.plist */ = {isa = PBXFileReference; lastKnownFileType = text.plist.xml; path = Info.plist; sourceTree = "<group>"; };
		28FAFA341AD871BC00493C86 /* DCZSimpleWebBrowserTests.m */ = {isa = PBXFileReference; lastKnownFileType = sourcecode.c.objc; path = DCZSimpleWebBrowserTests.m; sourceTree = "<group>"; };
/* End PBXFileReference section */

/* Begin PBXFrameworksBuildPhase section */
		28FAFA121AD871BC00493C86 /* Frameworks */ = {
			isa = PBXFrameworksBuildPhase;
			buildActionMask = 2147483647;
			files = (
			);
			runOnlyForDeploymentPostprocessing = 0;
		};
		28FAFA2B1AD871BC00493C86 /* Frameworks */ = {
			isa = PBXFrameworksBuildPhase;
			buildActionMask = 2147483647;
			files = (
			);
			runOnlyForDeploymentPostprocessing = 0;
		};
/* End PBXFrameworksBuildPhase section */

/* Begin PBXGroup section */
		28FAFA0C1AD871BC00493C86 = {
			isa = PBXGroup;
			children = (
				28FAFA171AD871BC00493C86 /* DCZSimpleWebBrowser */,
				28FAFA311AD871BC00493C86 /* DCZSimpleWebBrowserTests */,
				28FAFA161AD871BC00493C86 /* Products */,
			);
			sourceTree = "<group>";
		};
		28FAFA161AD871BC00493C86 /* Products */ = {
			isa = PBXGroup;
			children = (
				28FAFA151AD871BC00493C86 /* DCZSimpleWebBrowser.app */,
				28FAFA2E1AD871BC00493C86 /* DCZSimpleWebBrowserTests.xctest */,
			);
			name = Products;
			sourceTree = "<group>";
		};
		28FAFA171AD871BC00493C86 /* DCZSimpleWebBrowser */ = {
			isa = PBXGroup;
			children = (
				28FAFA1C1AD871BC00493C86 /* AppDelegate.h */,
				28FAFA1D1AD871BC00493C86 /* AppDelegate.m */,
				28FAFA1F1AD871BC00493C86 /* ViewController.h */,
				28FAFA201AD871BC00493C86 /* ViewController.m */,
				28FAFA221AD871BC00493C86 /* Main.storyboard */,
				28FAFA251AD871BC00493C86 /* Images.xcassets */,
				28FAFA271AD871BC00493C86 /* LaunchScreen.xib */,
				28FAFA181AD871BC00493C86 /* Supporting Files */,
			);
			path = DCZSimpleWebBrowser;
			sourceTree = "<group>";
		};
		28FAFA181AD871BC00493C86 /* Supporting Files */ = {
			isa = PBXGroup;
			children = (
				28FAFA191AD871BC00493C86 /* Info.plist */,
				28FAFA1A1AD871BC00493C86 /* main.m */,
			);
			name = "Supporting Files";
			sourceTree = "<group>";
		};
		28FAFA311AD871BC00493C86 /* DCZSimpleWebBrowserTests */ = {
			isa = PBXGroup;
			children = (
				28FAFA341AD871BC00493C86 /* DCZSimpleWebBrowserTests.m */,
				28FAFA321AD871BC00493C86 /* Supporting Files */,
			);
			path = DCZSimpleWebBrowserTests;
			sourceTree = "<group>";
		};
		28FAFA321AD871BC00493C86 /* Supporting Files */ = {
			isa = PBXGroup;
			children = (
				28FAFA331AD871BC00493C86 /* Info.plist */,
			);
			name = "Supporting Files";
			sourceTree = "<group>";
		};
/* End PBXGroup section */

/* Begin PBXNativeTarget section */
		28FAFA141AD871BC00493C86 /* DCZSimpleWebBrowser */ = {
			isa = PBXNativeTarget;
			buildConfigurationList = 28FAFA381AD871BC00493C86 /* Build configuration list for PBXNativeTarget "DCZSimpleWebBrowser" */;
			buildPhases = (
				28FAFA111AD871BC00493C86 /* Sources */,
				28FAFA121AD871BC00493C86 /* Frameworks */,
				28FAFA131AD871BC00493C86 /* Resources */,
			);
			buildRules = (
			);
			dependencies = (
			);
			name = DCZSimpleWebBrowser;
			productName = DCZSimpleWebBrowser;
			productReference = 28FAFA151AD871BC00493C86 /* DCZSimpleWebBrowser.app */;
			productType = "com.apple.product-type.application";
		};
		28FAFA2D1AD871BC00493C86 /* DCZSimpleWebBrowserTests */ = {
			isa = PBXNativeTarget;
			buildConfigurationList = 28FAFA3B1AD871BC00493C86 /* Build configuration list for PBXNativeTarget "DCZSimpleWebBrowserTests" */;
			buildPhases = (
				28FAFA2A1AD871BC00493C86 /* Sources */,
				28FAFA2B1AD871BC00493C86 /* Frameworks */,
				28FAFA2C1AD871BC00493C86 /* Resources */,
			);
			buildRules = (
			);
			dependencies = (
				28FAFA301AD871BC00493C86 /* PBXTargetDependency */,
			);
			name = DCZSimpleWebBrowserTests;
			productName = DCZSimpleWebBrowserTests;
			productReference = 28FAFA2E1AD871BC00493C86 /* DCZSimpleWebBrowserTests.xctest */;
			productType = "com.apple.product-type.bundle.unit-test";
		};
/* End PBXNativeTarget section */

/* Begin PBXProject section */
		28FAFA0D1AD871BC00493C86 /* Project object */ = {
			isa = PBXProject;
			attributes = {
				LastUpgradeCheck = 0610;
				ORGANIZATIONNAME = "Zaslow, Dean Clayton";
				TargetAttributes = {
					28FAFA141AD871BC00493C86 = {
						CreatedOnToolsVersion = 6.1;
					};
					28FAFA2D1AD871BC00493C86 = {
						CreatedOnToolsVersion = 6.1;
						TestTargetID = 28FAFA141AD871BC00493C86;
					};
				};
			};
			buildConfigurationList = 28FAFA101AD871BC00493C86 /* Build configuration list for PBXProject "DCZSimpleWebBrowser" */;
			compatibilityVersion = "Xcode 3.2";
			developmentRegion = English;
			hasScannedForEncodings = 0;
			knownRegions = (
				en,
				Base,
			);
			mainGroup = 28FAFA0C1AD871BC00493C86;
			productRefGroup = 28FAFA161AD871BC00493C86 /* Products */;
			projectDirPath = "";
			projectRoot = "";
			targets = (
				28FAFA141AD871BC00493C86 /* DCZSimpleWebBrowser */,
				28FAFA2D1AD871BC00493C86 /* DCZSimpleWebBrowserTests */,
			);
		};
/* End PBXProject section */

/* Begin PBXResourcesBuildPhase section */
		28FAFA131AD871BC00493C86 /* Resources */ = {
			isa = PBXResourcesBuildPhase;
			buildActionMask = 2147483647;
			files = (
				28FAFA241AD871BC00493C86 /* Main.storyboard in Resources */,
				28FAFA291AD871BC00493C86 /* LaunchScreen.xib in Resources */,
				28FAFA261AD871BC00493C86 /* Images.xcassets in Resources */,
			);
			runOnlyForDeploymentPostprocessing = 0;
		};
		28FAFA2C1AD871BC00493C86 /* Resources */ = {
			isa = PBXResourcesBuildPhase;
			buildActionMask = 2147483647;
			files = (
			);
			runOnlyForDeploymentPostprocessing = 0;
		};
/* End PBXResourcesBuildPhase section */

/* Begin PBXSourcesBuildPhase section */
		28FAFA111AD871BC00493C86 /* Sources */ = {
			isa = PBXSourcesBuildPhase;
			buildActionMask = 2147483647;
			files = (
				28FAFA211AD871BC00493C86 /* ViewController.m in Sources */,
				28FAFA1E1AD871BC00493C86 /* AppDelegate.m in Sources */,
				28FAFA1B1AD871BC00493C86 /* main.m in Sources */,
			);
			runOnlyForDeploymentPostprocessing = 0;
		};
		28FAFA2A1AD871BC00493C86 /* Sources */ = {
			isa = PBXSourcesBuildPhase;
			buildActionMask = 2147483647;
			files = (
				28FAFA351AD871BC00493C86 /* DCZSimpleWebBrowserTests.m in Sources */,
			);
			runOnlyForDeploymentPostprocessing = 0;
		};
/* End PBXSourcesBuildPhase section */

/* Begin PBXTargetDependency section */
		28FAFA301AD871BC00493C86 /* PBXTargetDependency */ = {
			isa = PBXTargetDependency;
			target = 28FAFA141AD871BC00493C86 /* DCZSimpleWebBrowser */;
			targetProxy = 28FAFA2F1AD871BC00493C86 /* PBXContainerItemProxy */;
		};
/* End PBXTargetDependency section */

/* Begin PBXVariantGroup section */
		28FAFA221AD871BC00493C86 /* Main.storyboard */ = {
			isa = PBXVariantGroup;
			children = (
				28FAFA231AD871BC00493C86 /* Base */,
			);
			name = Main.storyboard;
			sourceTree = "<group>";
		};
		28FAFA271AD871BC00493C86 /* LaunchScreen.xib */ = {
			isa = PBXVariantGroup;
			children = (
				28FAFA281AD871BC00493C86 /* Base */,
			);
			name = LaunchScreen.xib;
			sourceTree = "<group>";
		};
/* End PBXVariantGroup section */

/* Begin XCBuildConfiguration section */
		28FAFA361AD871BC00493C86 /* Debug */ = {
			isa = XCBuildConfiguration;
			buildSettings = {
				ALWAYS_SEARCH_USER_PATHS = NO;
				CLANG_CXX_LANGUAGE_STANDARD = "gnu++0x";
				CLANG_CXX_LIBRARY = "libc++";
				CLANG_ENABLE_MODULES = YES;
				CLANG_ENABLE_OBJC_ARC = YES;
				CLANG_WARN_BOOL_CONVERSION = YES;
				CLANG_WARN_CONSTANT_CONVERSION = YES;
				CLANG_WARN_DIRECT_OBJC_ISA_USAGE = YES_ERROR;
				CLANG_WARN_EMPTY_BODY = YES;
				CLANG_WARN_ENUM_CONVERSION = YES;
				CLANG_WARN_INT_CONVERSION = YES;
				CLANG_WARN_OBJC_ROOT_CLASS = YES_ERROR;
				CLANG_WARN_UNREACHABLE_CODE = YES;
				CLANG_WARN__DUPLICATE_METHOD_MATCH = YES;
				"CODE_SIGN_IDENTITY[sdk=iphoneos*]" = "iPhone Developer";
				COPY_PHASE_STRIP = NO;
				ENABLE_STRICT_OBJC_MSGSEND = YES;
				GCC_C_LANGUAGE_STANDARD = gnu99;
				GCC_DYNAMIC_NO_PIC = NO;
				GCC_OPTIMIZATION_LEVEL = 0;
				GCC_PREPROCESSOR_DEFINITIONS = (
					"DEBUG=1",
					"$(inherited)",
				);
				GCC_SYMBOLS_PRIVATE_EXTERN = NO;
				GCC_WARN_64_TO_32_BIT_CONVERSION = YES;
				GCC_WARN_ABOUT_RETURN_TYPE = YES_ERROR;
				GCC_WARN_UNDECLARED_SELECTOR = YES;
				GCC_WARN_UNINITIALIZED_AUTOS = YES_AGGRESSIVE;
				GCC_WARN_UNUSED_FUNCTION = YES;
				GCC_WARN_UNUSED_VARIABLE = YES;
				IPHONEOS_DEPLOYMENT_TARGET = 8.1;
				MTL_ENABLE_DEBUG_INFO = YES;
				ONLY_ACTIVE_ARCH = YES;
				SDKROOT = iphoneos;
				TARGETED_DEVICE_FAMILY = "1,2";
			};
			name = Debug;
		};
		28FAFA371AD871BC00493C86 /* Release */ = {
			isa = XCBuildConfiguration;
			buildSettings = {
				ALWAYS_SEARCH_USER_PATHS = NO;
				CLANG_CXX_LANGUAGE_STANDARD = "gnu++0x";
				CLANG_CXX_LIBRARY = "libc++";
				CLANG_ENABLE_MODULES = YES;
				CLANG_ENABLE_OBJC_ARC = YES;
				CLANG_WARN_BOOL_CONVERSION = YES;
				CLANG_WARN_CONSTANT_CONVERSION = YES;
				CLANG_WARN_DIRECT_OBJC_ISA_USAGE = YES_ERROR;
				CLANG_WARN_EMPTY_BODY = YES;
				CLANG_WARN_ENUM_CONVERSION = YES;
				CLANG_WARN_INT_CONVERSION = YES;
				CLANG_WARN_OBJC_ROOT_CLASS = YES_ERROR;
				CLANG_WARN_UNREACHABLE_CODE = YES;
				CLANG_WARN__DUPLICATE_METHOD_MATCH = YES;
				"CODE_SIGN_IDENTITY[sdk=iphoneos*]" = "iPhone Developer";
				COPY_PHASE_STRIP = YES;
				ENABLE_NS_ASSERTIONS = NO;
				ENABLE_STRICT_OBJC_MSGSEND = YES;
				GCC_C_LANGUAGE_STANDARD = gnu99;
				GCC_WARN_64_TO_32_BIT_CONVERSION = YES;
				GCC_WARN_ABOUT_RETURN_TYPE = YES_ERROR;
				GCC_WARN_UNDECLARED_SELECTOR = YES;
				GCC_WARN_UNINITIALIZED_AUTOS = YES_AGGRESSIVE;
				GCC_WARN_UNUSED_FUNCTION = YES;
				GCC_WARN_UNUSED_VARIABLE = YES;
				IPHONEOS_DEPLOYMENT_TARGET = 8.1;
				MTL_ENABLE_DEBUG_INFO = NO;
				SDKROOT = iphoneos;
				TARGETED_DEVICE_FAMILY = "1,2";
				VALIDATE_PRODUCT = YES;
			};
			name = Release;
		};
		28FAFA391AD871BC00493C86 /* Debug */ = {
			isa = XCBuildConfiguration;
			buildSettings = {
				ASSETCATALOG_COMPILER_APPICON_NAME = AppIcon;
				INFOPLIST_FILE = DCZSimpleWebBrowser/Info.plist;
				LD_RUNPATH_SEARCH_PATHS = "$(inherited) @executable_path/Frameworks";
				PRODUCT_NAME = "$(TARGET_NAME)";
			};
			name = Debug;
		};
		28FAFA3A1AD871BC00493C86 /* Release */ = {
			isa = XCBuildConfiguration;
			buildSettings = {
				ASSETCATALOG_COMPILER_APPICON_NAME = AppIcon;
				INFOPLIST_FILE = DCZSimpleWebBrowser/Info.plist;
				LD_RUNPATH_SEARCH_PATHS = "$(inherited) @executable_path/Frameworks";
				PRODUCT_NAME = "$(TARGET_NAME)";
			};
			name = Release;
		};
		28FAFA3C1AD871BC00493C86 /* Debug */ = {
			isa = XCBuildConfiguration;
			buildSettings = {
				BUNDLE_LOADER = "$(TEST_HOST)";
				FRAMEWORK_SEARCH_PATHS = (
					"$(SDKROOT)/Developer/Library/Frameworks",
					"$(inherited)",
				);
				GCC_PREPROCESSOR_DEFINITIONS = (
					"DEBUG=1",
					"$(inherited)",
				);
				INFOPLIST_FILE = DCZSimpleWebBrowserTests/Info.plist;
				LD_RUNPATH_SEARCH_PATHS = "$(inherited) @executable_path/Frameworks @loader_path/Frameworks";
				PRODUCT_NAME = "$(TARGET_NAME)";
				TEST_HOST = "$(BUILT_PRODUCTS_DIR)/DCZSimpleWebBrowser.app/DCZSimpleWebBrowser";
			};
			name = Debug;
		};
		28FAFA3D1AD871BC00493C86 /* Release */ = {
			isa = XCBuildConfiguration;
			buildSettings = {
				BUNDLE_LOADER = "$(TEST_HOST)";
				FRAMEWORK_SEARCH_PATHS = (
					"$(SDKROOT)/Developer/Library/Frameworks",
					"$(inherited)",
				);
				INFOPLIST_FILE = DCZSimpleWebBrowserTests/Info.plist;
				LD_RUNPATH_SEARCH_PATHS = "$(inherited) @executable_path/Frameworks @loader_path/Frameworks";
				PRODUCT_NAME = "$(TARGET_NAME)";
				TEST_HOST = "$(BUILT_PRODUCTS_DIR)/DCZSimpleWebBrowser.app/DCZSimpleWebBrowser";
			};
			name = Release;
		};
/* End XCBuildConfiguration section */

/* Begin XCConfigurationList section */
		28FAFA101AD871BC00493C86 /* Build configuration list for PBXProject "DCZSimpleWebBrowser" */ = {
			isa = XCConfigurationList;
			buildConfigurations = (
				28FAFA361AD871BC00493C86 /* Debug */,
				28FAFA371AD871BC00493C86 /* Release */,
			);
			defaultConfigurationIsVisible = 0;
			defaultConfigurationName = Release;
		};
		28FAFA381AD871BC00493C86 /* Build configuration list for PBXNativeTarget "DCZSimpleWebBrowser" */ = {
			isa = XCConfigurationList;
			buildConfigurations = (
				28FAFA391AD871BC00493C86 /* Debug */,
				28FAFA3A1AD871BC00493C86 /* Release */,
			);
			defaultConfigurationIsVisible = 0;
		};
		28FAFA3B1AD871BC00493C86 /* Build configuration list for PBXNativeTarget "DCZSimpleWebBrowserTests" */ = {
			isa = XCConfigurationList;
			buildConfigurations = (
				28FAFA3C1AD871BC00493C86 /* Debug */,
				28FAFA3D1AD871BC00493C86 /* Release */,
			);
			defaultConfigurationIsVisible = 0;
		};
/* End XCConfigurationList section */
	};
	rootObject = 28FAFA0D1AD871BC00493C86 /* Project object */;
}
